
Microsoft Visual Studio Solution File, Format Version 12.00
# Visual Studio Version 16
VisualStudioVersion = 16.0.29920.165
MinimumVisualStudioVersion = 10.0.40219.1
Project("{FAE04EC0-301F-11D3-BF4B-00C04F79EFBC}") = "ytuqueplanes", "ytuqueplanes\ytuqueplanes.csproj", "{EE9C9069-D7B0-4D22-8755-7D4F8D1A972D}"
EndProject
Project("{FAE04EC0-301F-11D3-BF4B-00C04F79EFBC}") = "EntidadesData", "EntidadesData\EntidadesData.csproj", "{6F5D2B52-E721-49AB-9027-93E4BC359408}"
EndProject
Global
	GlobalSection(SolutionConfigurationPlatforms) = preSolution
		Debug|Any CPU = Debug|Any CPU
		Release|Any CPU = Release|Any CPU
	EndGlobalSection
	GlobalSection(ProjectConfigurationPlatforms) = postSolution
		{EE9C9069-D7B0-4D22-8755-7D4F8D1A972D}.Debug|Any CPU.ActiveCfg = Debug|Any CPU
		{EE9C9069-D7B0-4D22-8755-7D4F8D1A972D}.Debug|Any CPU.Build.0 = Debug|Any CPU
		{EE9C9069-D7B0-4D22-8755-7D4F8D1A972D}.Release|Any CPU.ActiveCfg = Release|Any CPU
		{EE9C9069-D7B0-4D22-8755-7D4F8D1A972D}.Release|Any CPU.Build.0 = Release|Any CPU
		{6F5D2B52-E721-49AB-9027-93E4BC359408}.Debug|Any CPU.ActiveCfg = Debug|Any CPU
		{6F5D2B52-E721-49AB-9027-93E4BC359408}.Debug|Any CPU.Build.0 = Debug|Any CPU
		{6F5D2B52-E721-49AB-9027-93E4BC359408}.Release|Any CPU.ActiveCfg = Release|Any CPU
		{6F5D2B52-E721-49AB-9027-93E4BC359408}.Release|Any CPU.Build.0 = Release|Any CPU
	EndGlobalSection
	GlobalSection(SolutionProperties) = preSolution
		HideSolutionNode = FALSE
	EndGlobalSection
	GlobalSection(ExtensibilityGlobals) = postSolution
		SolutionGuid = {772500B9-E0F4-4B1E-ADD2-3A8810D134E5}
	EndGlobalSection
EndGlobal
